
Microsoft Visual Studio Solution File, Format Version 12.00
# Visual Studio Version 17
VisualStudioVersion = 17.9.34607.119
MinimumVisualStudioVersion = 10.0.40219.1
Project("{FAE04EC0-301F-11D3-BF4B-00C04F79EFBC}") = "Excel2_0", "Excel2_0\Excel2_0.csproj", "{DB39D550-666F-4944-81D1-753F7FB60384}"
EndProject
Global
	GlobalSection(SolutionConfigurationPlatforms) = preSolution
		Debug|Any CPU = Debug|Any CPU
		Release|Any CPU = Release|Any CPU
	EndGlobalSection
	GlobalSection(ProjectConfigurationPlatforms) = postSolution
		{DB39D550-666F-4944-81D1-753F7FB60384}.Debug|Any CPU.ActiveCfg = Debug|Any CPU
		{DB39D550-666F-4944-81D1-753F7FB60384}.Debug|Any CPU.Build.0 = Debug|Any CPU
		{DB39D550-666F-4944-81D1-753F7FB60384}.Release|Any CPU.ActiveCfg = Release|Any CPU
		{DB39D550-666F-4944-81D1-753F7FB60384}.Release|Any CPU.Build.0 = Release|Any CPU
	EndGlobalSection
	GlobalSection(SolutionProperties) = preSolution
		HideSolutionNode = FALSE
	EndGlobalSection
	GlobalSection(ExtensibilityGlobals) = postSolution
		SolutionGuid = {6544D29F-EE98-4774-8100-D9E863AC01C8}
	EndGlobalSection
EndGlobal
